// !$*UTF8*$!
{
	archiveVersion = 1;
	classes = {
	};
	objectVersion = 46;
	objects = {

/* Begin PBXBuildFile section */
		AADD469F1EA8A59D00DA10F0 /* main.m in Sources */ = {isa = PBXBuildFile; fileRef = AADD469E1EA8A59D00DA10F0 /* main.m */; };
		AADD46A21EA8A59D00DA10F0 /* AppDelegate.m in Sources */ = {isa = PBXBuildFile; fileRef = AADD46A11EA8A59D00DA10F0 /* AppDelegate.m */; };
		AADD46A81EA8A59D00DA10F0 /* Main.storyboard in Resources */ = {isa = PBXBuildFile; fileRef = AADD46A61EA8A59D00DA10F0 /* Main.storyboard */; };
		AADD46AA1EA8A59D00DA10F0 /* Assets.xcassets in Resources */ = {isa = PBXBuildFile; fileRef = AADD46A91EA8A59D00DA10F0 /* Assets.xcassets */; };
		AADD46AD1EA8A59D00DA10F0 /* LaunchScreen.storyboard in Resources */ = {isa = PBXBuildFile; fileRef = AADD46AB1EA8A59D00DA10F0 /* LaunchScreen.storyboard */; };
		AADD46B61EA8A65600DA10F0 /* YHRootViewController.m in Sources */ = {isa = PBXBuildFile; fileRef = AADD46B51EA8A65600DA10F0 /* YHRootViewController.m */; };
		AADD474E1EA8AF9B00DA10F0 /* NSArray+GYH.m in Sources */ = {isa = PBXBuildFile; fileRef = AADD472A1EA8AF9B00DA10F0 /* NSArray+GYH.m */; };
		AADD474F1EA8AF9B00DA10F0 /* NSDate+GYH.m in Sources */ = {isa = PBXBuildFile; fileRef = AADD472C1EA8AF9B00DA10F0 /* NSDate+GYH.m */; };
		AADD47501EA8AF9B00DA10F0 /* NSDictionary+GYH.m in Sources */ = {isa = PBXBuildFile; fileRef = AADD472E1EA8AF9B00DA10F0 /* NSDictionary+GYH.m */; };
		AADD47511EA8AF9B00DA10F0 /* NSMutableArray+GYH.m in Sources */ = {isa = PBXBuildFile; fileRef = AADD47301EA8AF9B00DA10F0 /* NSMutableArray+GYH.m */; };
		AADD47521EA8AF9B00DA10F0 /* NSMutableDictionary+GYH.m in Sources */ = {isa = PBXBuildFile; fileRef = AADD47321EA8AF9B00DA10F0 /* NSMutableDictionary+GYH.m */; };
		AADD47531EA8AF9B00DA10F0 /* NSNumber+GYH.m in Sources */ = {isa = PBXBuildFile; fileRef = AADD47341EA8AF9B00DA10F0 /* NSNumber+GYH.m */; };
		AADD47541EA8AF9B00DA10F0 /* NSObject+GYH.m in Sources */ = {isa = PBXBuildFile; fileRef = AADD47361EA8AF9B00DA10F0 /* NSObject+GYH.m */; };
		AADD47551EA8AF9B00DA10F0 /* NSString+GYH.m in Sources */ = {isa = PBXBuildFile; fileRef = AADD47381EA8AF9B00DA10F0 /* NSString+GYH.m */; };
		AADD47561EA8AF9B00DA10F0 /* UIBarButtonItem+GYH.m in Sources */ = {isa = PBXBuildFile; fileRef = AADD473A1EA8AF9B00DA10F0 /* UIBarButtonItem+GYH.m */; };
		AADD47571EA8AF9B00DA10F0 /* UIColor+GYH.m in Sources */ = {isa = PBXBuildFile; fileRef = AADD473C1EA8AF9B00DA10F0 /* UIColor+GYH.m */; };
		AADD47581EA8AF9B00DA10F0 /* UIImage+GYH.m in Sources */ = {isa = PBXBuildFile; fileRef = AADD473E1EA8AF9B00DA10F0 /* UIImage+GYH.m */; };
		AADD47591EA8AF9B00DA10F0 /* UIImageView+GYH.m in Sources */ = {isa = PBXBuildFile; fileRef = AADD47401EA8AF9B00DA10F0 /* UIImageView+GYH.m */; };
		AADD475A1EA8AF9B00DA10F0 /* UIView+GYH.m in Sources */ = {isa = PBXBuildFile; fileRef = AADD47421EA8AF9B00DA10F0 /* UIView+GYH.m */; };
		AADD475B1EA8AF9B00DA10F0 /* UIViewController+Animation.m in Sources */ = {isa = PBXBuildFile; fileRef = AADD47441EA8AF9B00DA10F0 /* UIViewController+Animation.m */; };
		AADD475C1EA8AF9B00DA10F0 /* YHAppInfo.m in Sources */ = {isa = PBXBuildFile; fileRef = AADD47461EA8AF9B00DA10F0 /* YHAppInfo.m */; };
		AADD475D1EA8AF9B00DA10F0 /* YHDataUtility.m in Sources */ = {isa = PBXBuildFile; fileRef = AADD47491EA8AF9B00DA10F0 /* YHDataUtility.m */; };
		AADD475E1EA8AF9B00DA10F0 /* YHShowImageBrowser.m in Sources */ = {isa = PBXBuildFile; fileRef = AADD474B1EA8AF9B00DA10F0 /* YHShowImageBrowser.m */; };
		AADD475F1EA8AF9B00DA10F0 /* YHTextView.m in Sources */ = {isa = PBXBuildFile; fileRef = AADD474D1EA8AF9B00DA10F0 /* YHTextView.m */; };
/* End PBXBuildFile section */

/* Begin PBXFileReference section */
		AADD469A1EA8A59D00DA10F0 /* YHCategoryDemo.app */ = {isa = PBXFileReference; explicitFileType = wrapper.application; includeInIndex = 0; path = YHCategoryDemo.app; sourceTree = BUILT_PRODUCTS_DIR; };
		AADD469E1EA8A59D00DA10F0 /* main.m */ = {isa = PBXFileReference; lastKnownFileType = sourcecode.c.objc; path = main.m; sourceTree = "<group>"; };
		AADD46A01EA8A59D00DA10F0 /* AppDelegate.h */ = {isa = PBXFileReference; lastKnownFileType = sourcecode.c.h; path = AppDelegate.h; sourceTree = "<group>"; };
		AADD46A11EA8A59D00DA10F0 /* AppDelegate.m */ = {isa = PBXFileReference; lastKnownFileType = sourcecode.c.objc; path = AppDelegate.m; sourceTree = "<group>"; };
		AADD46A71EA8A59D00DA10F0 /* Base */ = {isa = PBXFileReference; lastKnownFileType = file.storyboard; name = Base; path = Base.lproj/Main.storyboard; sourceTree = "<group>"; };
		AADD46A91EA8A59D00DA10F0 /* Assets.xcassets */ = {isa = PBXFileReference; lastKnownFileType = folder.assetcatalog; path = Assets.xcassets; sourceTree = "<group>"; };
		AADD46AC1EA8A59D00DA10F0 /* Base */ = {isa = PBXFileReference; lastKnownFileType = file.storyboard; name = Base; path = Base.lproj/LaunchScreen.storyboard; sourceTree = "<group>"; };
		AADD46AE1EA8A59D00DA10F0 /* Info.plist */ = {isa = PBXFileReference; lastKnownFileType = text.plist.xml; path = Info.plist; sourceTree = "<group>"; };
		AADD46B41EA8A65600DA10F0 /* YHRootViewController.h */ = {isa = PBXFileReference; fileEncoding = 4; lastKnownFileType = sourcecode.c.h; path = YHRootViewController.h; sourceTree = "<group>"; };
		AADD46B51EA8A65600DA10F0 /* YHRootViewController.m */ = {isa = PBXFileReference; fileEncoding = 4; lastKnownFileType = sourcecode.c.objc; path = YHRootViewController.m; sourceTree = "<group>"; };
		AADD46B71EA8A67000DA10F0 /* define.h */ = {isa = PBXFileReference; fileEncoding = 4; lastKnownFileType = sourcecode.c.h; path = define.h; sourceTree = "<group>"; };
		AADD47291EA8AF9B00DA10F0 /* NSArray+GYH.h */ = {isa = PBXFileReference; fileEncoding = 4; lastKnownFileType = sourcecode.c.h; path = "NSArray+GYH.h"; sourceTree = "<group>"; };
		AADD472A1EA8AF9B00DA10F0 /* NSArray+GYH.m */ = {isa = PBXFileReference; fileEncoding = 4; lastKnownFileType = sourcecode.c.objc; path = "NSArray+GYH.m"; sourceTree = "<group>"; };
		AADD472B1EA8AF9B00DA10F0 /* NSDate+GYH.h */ = {isa = PBXFileReference; fileEncoding = 4; lastKnownFileType = sourcecode.c.h; path = "NSDate+GYH.h"; sourceTree = "<group>"; };
		AADD472C1EA8AF9B00DA10F0 /* NSDate+GYH.m */ = {isa = PBXFileReference; fileEncoding = 4; lastKnownFileType = sourcecode.c.objc; path = "NSDate+GYH.m"; sourceTree = "<group>"; };
		AADD472D1EA8AF9B00DA10F0 /* NSDictionary+GYH.h */ = {isa = PBXFileReference; fileEncoding = 4; lastKnownFileType = sourcecode.c.h; path = "NSDictionary+GYH.h"; sourceTree = "<group>"; };
		AADD472E1EA8AF9B00DA10F0 /* NSDictionary+GYH.m */ = {isa = PBXFileReference; fileEncoding = 4; lastKnownFileType = sourcecode.c.objc; path = "NSDictionary+GYH.m"; sourceTree = "<group>"; };
		AADD472F1EA8AF9B00DA10F0 /* NSMutableArray+GYH.h */ = {isa = PBXFileReference; fileEncoding = 4; lastKnownFileType = sourcecode.c.h; path = "NSMutableArray+GYH.h"; sourceTree = "<group>"; };
		AADD47301EA8AF9B00DA10F0 /* NSMutableArray+GYH.m */ = {isa = PBXFileReference; fileEncoding = 4; lastKnownFileType = sourcecode.c.objc; path = "NSMutableArray+GYH.m"; sourceTree = "<group>"; };
		AADD47311EA8AF9B00DA10F0 /* NSMutableDictionary+GYH.h */ = {isa = PBXFileReference; fileEncoding = 4; lastKnownFileType = sourcecode.c.h; path = "NSMutableDictionary+GYH.h"; sourceTree = "<group>"; };
		AADD47321EA8AF9B00DA10F0 /* NSMutableDictionary+GYH.m */ = {isa = PBXFileReference; fileEncoding = 4; lastKnownFileType = sourcecode.c.objc; path = "NSMutableDictionary+GYH.m"; sourceTree = "<group>"; };
		AADD47331EA8AF9B00DA10F0 /* NSNumber+GYH.h */ = {isa = PBXFileReference; fileEncoding = 4; lastKnownFileType = sourcecode.c.h; path = "NSNumber+GYH.h"; sourceTree = "<group>"; };
		AADD47341EA8AF9B00DA10F0 /* NSNumber+GYH.m */ = {isa = PBXFileReference; fileEncoding = 4; lastKnownFileType = sourcecode.c.objc; path = "NSNumber+GYH.m"; sourceTree = "<group>"; };
		AADD47351EA8AF9B00DA10F0 /* NSObject+GYH.h */ = {isa = PBXFileReference; fileEncoding = 4; lastKnownFileType = sourcecode.c.h; path = "NSObject+GYH.h"; sourceTree = "<group>"; };
		AADD47361EA8AF9B00DA10F0 /* NSObject+GYH.m */ = {isa = PBXFileReference; fileEncoding = 4; lastKnownFileType = sourcecode.c.objc; path = "NSObject+GYH.m"; sourceTree = "<group>"; };
		AADD47371EA8AF9B00DA10F0 /* NSString+GYH.h */ = {isa = PBXFileReference; fileEncoding = 4; lastKnownFileType = sourcecode.c.h; path = "NSString+GYH.h"; sourceTree = "<group>"; };
		AADD47381EA8AF9B00DA10F0 /* NSString+GYH.m */ = {isa = PBXFileReference; fileEncoding = 4; lastKnownFileType = sourcecode.c.objc; path = "NSString+GYH.m"; sourceTree = "<group>"; };
		AADD47391EA8AF9B00DA10F0 /* UIBarButtonItem+GYH.h */ = {isa = PBXFileReference; fileEncoding = 4; lastKnownFileType = sourcecode.c.h; path = "UIBarButtonItem+GYH.h"; sourceTree = "<group>"; };
		AADD473A1EA8AF9B00DA10F0 /* UIBarButtonItem+GYH.m */ = {isa = PBXFileReference; fileEncoding = 4; lastKnownFileType = sourcecode.c.objc; path = "UIBarButtonItem+GYH.m"; sourceTree = "<group>"; };
		AADD473B1EA8AF9B00DA10F0 /* UIColor+GYH.h */ = {isa = PBXFileReference; fileEncoding = 4; lastKnownFileType = sourcecode.c.h; path = "UIColor+GYH.h"; sourceTree = "<group>"; };
		AADD473C1EA8AF9B00DA10F0 /* UIColor+GYH.m */ = {isa = PBXFileReference; fileEncoding = 4; lastKnownFileType = sourcecode.c.objc; path = "UIColor+GYH.m"; sourceTree = "<group>"; };
		AADD473D1EA8AF9B00DA10F0 /* UIImage+GYH.h */ = {isa = PBXFileReference; fileEncoding = 4; lastKnownFileType = sourcecode.c.h; path = "UIImage+GYH.h"; sourceTree = "<group>"; };
		AADD473E1EA8AF9B00DA10F0 /* UIImage+GYH.m */ = {isa = PBXFileReference; fileEncoding = 4; lastKnownFileType = sourcecode.c.objc; path = "UIImage+GYH.m"; sourceTree = "<group>"; };
		AADD473F1EA8AF9B00DA10F0 /* UIImageView+GYH.h */ = {isa = PBXFileReference; fileEncoding = 4; lastKnownFileType = sourcecode.c.h; path = "UIImageView+GYH.h"; sourceTree = "<group>"; };
		AADD47401EA8AF9B00DA10F0 /* UIImageView+GYH.m */ = {isa = PBXFileReference; fileEncoding = 4; lastKnownFileType = sourcecode.c.objc; path = "UIImageView+GYH.m"; sourceTree = "<group>"; };
		AADD47411EA8AF9B00DA10F0 /* UIView+GYH.h */ = {isa = PBXFileReference; fileEncoding = 4; lastKnownFileType = sourcecode.c.h; path = "UIView+GYH.h"; sourceTree = "<group>"; };
		AADD47421EA8AF9B00DA10F0 /* UIView+GYH.m */ = {isa = PBXFileReference; fileEncoding = 4; lastKnownFileType = sourcecode.c.objc; path = "UIView+GYH.m"; sourceTree = "<group>"; };
		AADD47431EA8AF9B00DA10F0 /* UIViewController+Animation.h */ = {isa = PBXFileReference; fileEncoding = 4; lastKnownFileType = sourcecode.c.h; path = "UIViewController+Animation.h"; sourceTree = "<group>"; };
		AADD47441EA8AF9B00DA10F0 /* UIViewController+Animation.m */ = {isa = PBXFileReference; fileEncoding = 4; lastKnownFileType = sourcecode.c.objc; path = "UIViewController+Animation.m"; sourceTree = "<group>"; };
		AADD47451EA8AF9B00DA10F0 /* YHAppInfo.h */ = {isa = PBXFileReference; fileEncoding = 4; lastKnownFileType = sourcecode.c.h; path = YHAppInfo.h; sourceTree = "<group>"; };
		AADD47461EA8AF9B00DA10F0 /* YHAppInfo.m */ = {isa = PBXFileReference; fileEncoding = 4; lastKnownFileType = sourcecode.c.objc; path = YHAppInfo.m; sourceTree = "<group>"; };
		AADD47471EA8AF9B00DA10F0 /* YHCategory.h */ = {isa = PBXFileReference; fileEncoding = 4; lastKnownFileType = sourcecode.c.h; path = YHCategory.h; sourceTree = "<group>"; };
		AADD47481EA8AF9B00DA10F0 /* YHDataUtility.h */ = {isa = PBXFileReference; fileEncoding = 4; lastKnownFileType = sourcecode.c.h; path = YHDataUtility.h; sourceTree = "<group>"; };
		AADD47491EA8AF9B00DA10F0 /* YHDataUtility.m */ = {isa = PBXFileReference; fileEncoding = 4; lastKnownFileType = sourcecode.c.objc; path = YHDataUtility.m; sourceTree = "<group>"; };
		AADD474A1EA8AF9B00DA10F0 /* YHShowImageBrowser.h */ = {isa = PBXFileReference; fileEncoding = 4; lastKnownFileType = sourcecode.c.h; path = YHShowImageBrowser.h; sourceTree = "<group>"; };
		AADD474B1EA8AF9B00DA10F0 /* YHShowImageBrowser.m */ = {isa = PBXFileReference; fileEncoding = 4; lastKnownFileType = sourcecode.c.objc; path = YHShowImageBrowser.m; sourceTree = "<group>"; };
		AADD474C1EA8AF9B00DA10F0 /* YHTextView.h */ = {isa = PBXFileReference; fileEncoding = 4; lastKnownFileType = sourcecode.c.h; path = YHTextView.h; sourceTree = "<group>"; };
		AADD474D1EA8AF9B00DA10F0 /* YHTextView.m */ = {isa = PBXFileReference; fileEncoding = 4; lastKnownFileType = sourcecode.c.objc; path = YHTextView.m; sourceTree = "<group>"; };
/* End PBXFileReference section */

/* Begin PBXFrameworksBuildPhase section */
		AADD46971EA8A59D00DA10F0 /* Frameworks */ = {
			isa = PBXFrameworksBuildPhase;
			buildActionMask = 2147483647;
			files = (
			);
			runOnlyForDeploymentPostprocessing = 0;
		};
/* End PBXFrameworksBuildPhase section */

/* Begin PBXGroup section */
		AADD46911EA8A59D00DA10F0 = {
			isa = PBXGroup;
			children = (
				AADD469C1EA8A59D00DA10F0 /* YHCategoryDemo */,
				AADD469B1EA8A59D00DA10F0 /* Products */,
			);
			sourceTree = "<group>";
		};
		AADD469B1EA8A59D00DA10F0 /* Products */ = {
			isa = PBXGroup;
			children = (
				AADD469A1EA8A59D00DA10F0 /* YHCategoryDemo.app */,
			);
			name = Products;
			sourceTree = "<group>";
		};
		AADD469C1EA8A59D00DA10F0 /* YHCategoryDemo */ = {
			isa = PBXGroup;
			children = (
				AADD47281EA8AF8E00DA10F0 /* YHCategory */,
				AADD46A01EA8A59D00DA10F0 /* AppDelegate.h */,
				AADD46A11EA8A59D00DA10F0 /* AppDelegate.m */,
				AADD46B41EA8A65600DA10F0 /* YHRootViewController.h */,
				AADD46B51EA8A65600DA10F0 /* YHRootViewController.m */,
				AADD46B71EA8A67000DA10F0 /* define.h */,
				AADD46A61EA8A59D00DA10F0 /* Main.storyboard */,
				AADD46A91EA8A59D00DA10F0 /* Assets.xcassets */,
				AADD46AB1EA8A59D00DA10F0 /* LaunchScreen.storyboard */,
				AADD46AE1EA8A59D00DA10F0 /* Info.plist */,
				AADD469D1EA8A59D00DA10F0 /* Supporting Files */,
			);
			path = YHCategoryDemo;
			sourceTree = "<group>";
		};
		AADD469D1EA8A59D00DA10F0 /* Supporting Files */ = {
			isa = PBXGroup;
			children = (
				AADD469E1EA8A59D00DA10F0 /* main.m */,
			);
			name = "Supporting Files";
			sourceTree = "<group>";
		};
		AADD47281EA8AF8E00DA10F0 /* YHCategory */ = {
			isa = PBXGroup;
			children = (
				AADD47471EA8AF9B00DA10F0 /* YHCategory.h */,
				AADD47351EA8AF9B00DA10F0 /* NSObject+GYH.h */,
				AADD47361EA8AF9B00DA10F0 /* NSObject+GYH.m */,
				AADD47371EA8AF9B00DA10F0 /* NSString+GYH.h */,
				AADD47381EA8AF9B00DA10F0 /* NSString+GYH.m */,
				AADD473B1EA8AF9B00DA10F0 /* UIColor+GYH.h */,
				AADD473C1EA8AF9B00DA10F0 /* UIColor+GYH.m */,
				AADD472B1EA8AF9B00DA10F0 /* NSDate+GYH.h */,
				AADD472C1EA8AF9B00DA10F0 /* NSDate+GYH.m */,
				AADD47291EA8AF9B00DA10F0 /* NSArray+GYH.h */,
				AADD472A1EA8AF9B00DA10F0 /* NSArray+GYH.m */,
				AADD472F1EA8AF9B00DA10F0 /* NSMutableArray+GYH.h */,
				AADD47301EA8AF9B00DA10F0 /* NSMutableArray+GYH.m */,
				AADD472D1EA8AF9B00DA10F0 /* NSDictionary+GYH.h */,
				AADD472E1EA8AF9B00DA10F0 /* NSDictionary+GYH.m */,
				AADD47311EA8AF9B00DA10F0 /* NSMutableDictionary+GYH.h */,
				AADD47321EA8AF9B00DA10F0 /* NSMutableDictionary+GYH.m */,
				AADD47331EA8AF9B00DA10F0 /* NSNumber+GYH.h */,
				AADD47341EA8AF9B00DA10F0 /* NSNumber+GYH.m */,
				AADD47431EA8AF9B00DA10F0 /* UIViewController+Animation.h */,
				AADD47441EA8AF9B00DA10F0 /* UIViewController+Animation.m */,
				AADD47411EA8AF9B00DA10F0 /* UIView+GYH.h */,
				AADD47421EA8AF9B00DA10F0 /* UIView+GYH.m */,
				AADD47391EA8AF9B00DA10F0 /* UIBarButtonItem+GYH.h */,
				AADD473A1EA8AF9B00DA10F0 /* UIBarButtonItem+GYH.m */,
				AADD473F1EA8AF9B00DA10F0 /* UIImageView+GYH.h */,
				AADD47401EA8AF9B00DA10F0 /* UIImageView+GYH.m */,
				AADD473D1EA8AF9B00DA10F0 /* UIImage+GYH.h */,
				AADD473E1EA8AF9B00DA10F0 /* UIImage+GYH.m */,
				AADD47481EA8AF9B00DA10F0 /* YHDataUtility.h */,
				AADD47491EA8AF9B00DA10F0 /* YHDataUtility.m */,
				AADD47451EA8AF9B00DA10F0 /* YHAppInfo.h */,
				AADD47461EA8AF9B00DA10F0 /* YHAppInfo.m */,
				AADD474C1EA8AF9B00DA10F0 /* YHTextView.h */,
				AADD474D1EA8AF9B00DA10F0 /* YHTextView.m */,
				AADD474A1EA8AF9B00DA10F0 /* YHShowImageBrowser.h */,
				AADD474B1EA8AF9B00DA10F0 /* YHShowImageBrowser.m */,
			);
			path = YHCategory;
			sourceTree = "<group>";
		};
/* End PBXGroup section */

/* Begin PBXNativeTarget section */
		AADD46991EA8A59D00DA10F0 /* YHCategoryDemo */ = {
			isa = PBXNativeTarget;
			buildConfigurationList = AADD46B11EA8A59E00DA10F0 /* Build configuration list for PBXNativeTarget "YHCategoryDemo" */;
			buildPhases = (
				AADD46961EA8A59D00DA10F0 /* Sources */,
				AADD46971EA8A59D00DA10F0 /* Frameworks */,
				AADD46981EA8A59D00DA10F0 /* Resources */,
			);
			buildRules = (
			);
			dependencies = (
			);
			name = YHCategoryDemo;
			productName = YHCategoryDemo;
			productReference = AADD469A1EA8A59D00DA10F0 /* YHCategoryDemo.app */;
			productType = "com.apple.product-type.application";
		};
/* End PBXNativeTarget section */

/* Begin PBXProject section */
		AADD46921EA8A59D00DA10F0 /* Project object */ = {
			isa = PBXProject;
			attributes = {
				LastUpgradeCheck = 0830;
				ORGANIZATIONNAME = "聚美优品";
				TargetAttributes = {
					AADD46991EA8A59D00DA10F0 = {
						CreatedOnToolsVersion = 8.3;
						DevelopmentTeam = 4L85SBL3VW;
						ProvisioningStyle = Automatic;
					};
				};
			};
			buildConfigurationList = AADD46951EA8A59D00DA10F0 /* Build configuration list for PBXProject "YHCategoryDemo" */;
			compatibilityVersion = "Xcode 3.2";
			developmentRegion = English;
			hasScannedForEncodings = 0;
			knownRegions = (
				en,
				Base,
			);
			mainGroup = AADD46911EA8A59D00DA10F0;
			productRefGroup = AADD469B1EA8A59D00DA10F0 /* Products */;
			projectDirPath = "";
			projectRoot = "";
			targets = (
				AADD46991EA8A59D00DA10F0 /* YHCategoryDemo */,
			);
		};
/* End PBXProject section */

/* Begin PBXResourcesBuildPhase section */
		AADD46981EA8A59D00DA10F0 /* Resources */ = {
			isa = PBXResourcesBuildPhase;
			buildActionMask = 2147483647;
			files = (
				AADD46AD1EA8A59D00DA10F0 /* LaunchScreen.storyboard in Resources */,
				AADD46AA1EA8A59D00DA10F0 /* Assets.xcassets in Resources */,
				AADD46A81EA8A59D00DA10F0 /* Main.storyboard in Resources */,
			);
			runOnlyForDeploymentPostprocessing = 0;
		};
/* End PBXResourcesBuildPhase section */

/* Begin PBXSourcesBuildPhase section */
		AADD46961EA8A59D00DA10F0 /* Sources */ = {
			isa = PBXSourcesBuildPhase;
			buildActionMask = 2147483647;
			files = (
				AADD475B1EA8AF9B00DA10F0 /* UIViewController+Animation.m in Sources */,
				AADD47521EA8AF9B00DA10F0 /* NSMutableDictionary+GYH.m in Sources */,
				AADD475C1EA8AF9B00DA10F0 /* YHAppInfo.m in Sources */,
				AADD47591EA8AF9B00DA10F0 /* UIImageView+GYH.m in Sources */,
				AADD47561EA8AF9B00DA10F0 /* UIBarButtonItem+GYH.m in Sources */,
				AADD475F1EA8AF9B00DA10F0 /* YHTextView.m in Sources */,
				AADD475A1EA8AF9B00DA10F0 /* UIView+GYH.m in Sources */,
				AADD47581EA8AF9B00DA10F0 /* UIImage+GYH.m in Sources */,
				AADD46B61EA8A65600DA10F0 /* YHRootViewController.m in Sources */,
				AADD47541EA8AF9B00DA10F0 /* NSObject+GYH.m in Sources */,
				AADD47571EA8AF9B00DA10F0 /* UIColor+GYH.m in Sources */,
				AADD46A21EA8A59D00DA10F0 /* AppDelegate.m in Sources */,
				AADD47511EA8AF9B00DA10F0 /* NSMutableArray+GYH.m in Sources */,
				AADD475E1EA8AF9B00DA10F0 /* YHShowImageBrowser.m in Sources */,
				AADD475D1EA8AF9B00DA10F0 /* YHDataUtility.m in Sources */,
				AADD47551EA8AF9B00DA10F0 /* NSString+GYH.m in Sources */,
				AADD474F1EA8AF9B00DA10F0 /* NSDate+GYH.m in Sources */,
				AADD47501EA8AF9B00DA10F0 /* NSDictionary+GYH.m in Sources */,
				AADD469F1EA8A59D00DA10F0 /* main.m in Sources */,
				AADD474E1EA8AF9B00DA10F0 /* NSArray+GYH.m in Sources */,
				AADD47531EA8AF9B00DA10F0 /* NSNumber+GYH.m in Sources */,
			);
			runOnlyForDeploymentPostprocessing = 0;
		};
/* End PBXSourcesBuildPhase section */

/* Begin PBXVariantGroup section */
		AADD46A61EA8A59D00DA10F0 /* Main.storyboard */ = {
			isa = PBXVariantGroup;
			children = (
				AADD46A71EA8A59D00DA10F0 /* Base */,
			);
			name = Main.storyboard;
			sourceTree = "<group>";
		};
		AADD46AB1EA8A59D00DA10F0 /* LaunchScreen.storyboard */ = {
			isa = PBXVariantGroup;
			children = (
				AADD46AC1EA8A59D00DA10F0 /* Base */,
			);
			name = LaunchScreen.storyboard;
			sourceTree = "<group>";
		};
/* End PBXVariantGroup section */

/* Begin XCBuildConfiguration section */
		AADD46AF1EA8A59E00DA10F0 /* Debug */ = {
			isa = XCBuildConfiguration;
			buildSettings = {
				ALWAYS_SEARCH_USER_PATHS = NO;
				CLANG_ANALYZER_NONNULL = YES;
				CLANG_ANALYZER_NUMBER_OBJECT_CONVERSION = YES_AGGRESSIVE;
				CLANG_CXX_LANGUAGE_STANDARD = "gnu++0x";
				CLANG_CXX_LIBRARY = "libc++";
				CLANG_ENABLE_MODULES = YES;
				CLANG_ENABLE_OBJC_ARC = YES;
				CLANG_WARN_BOOL_CONVERSION = YES;
				CLANG_WARN_CONSTANT_CONVERSION = YES;
				CLANG_WARN_DIRECT_OBJC_ISA_USAGE = YES_ERROR;
				CLANG_WARN_DOCUMENTATION_COMMENTS = YES;
				CLANG_WARN_EMPTY_BODY = YES;
				CLANG_WARN_ENUM_CONVERSION = YES;
				CLANG_WARN_INFINITE_RECURSION = YES;
				CLANG_WARN_INT_CONVERSION = YES;
				CLANG_WARN_OBJC_ROOT_CLASS = YES_ERROR;
				CLANG_WARN_SUSPICIOUS_MOVE = YES;
				CLANG_WARN_UNREACHABLE_CODE = YES;
				CLANG_WARN__DUPLICATE_METHOD_MATCH = YES;
				"CODE_SIGN_IDENTITY[sdk=iphoneos*]" = "iPhone Developer";
				COPY_PHASE_STRIP = NO;
				DEBUG_INFORMATION_FORMAT = dwarf;
				ENABLE_STRICT_OBJC_MSGSEND = YES;
				ENABLE_TESTABILITY = YES;
				GCC_C_LANGUAGE_STANDARD = gnu99;
				GCC_DYNAMIC_NO_PIC = NO;
				GCC_NO_COMMON_BLOCKS = YES;
				GCC_OPTIMIZATION_LEVEL = 0;
				GCC_PREPROCESSOR_DEFINITIONS = (
					"DEBUG=1",
					"$(inherited)",
				);
				GCC_WARN_64_TO_32_BIT_CONVERSION = YES;
				GCC_WARN_ABOUT_RETURN_TYPE = YES_ERROR;
				GCC_WARN_UNDECLARED_SELECTOR = YES;
				GCC_WARN_UNINITIALIZED_AUTOS = YES_AGGRESSIVE;
				GCC_WARN_UNUSED_FUNCTION = YES;
				GCC_WARN_UNUSED_VARIABLE = YES;
				IPHONEOS_DEPLOYMENT_TARGET = 10.3;
				MTL_ENABLE_DEBUG_INFO = YES;
				ONLY_ACTIVE_ARCH = YES;
				SDKROOT = iphoneos;
			};
			name = Debug;
		};
		AADD46B01EA8A59E00DA10F0 /* Release */ = {
			isa = XCBuildConfiguration;
			buildSettings = {
				ALWAYS_SEARCH_USER_PATHS = NO;
				CLANG_ANALYZER_NONNULL = YES;
				CLANG_ANALYZER_NUMBER_OBJECT_CONVERSION = YES_AGGRESSIVE;
				CLANG_CXX_LANGUAGE_STANDARD = "gnu++0x";
				CLANG_CXX_LIBRARY = "libc++";
				CLANG_ENABLE_MODULES = YES;
				CLANG_ENABLE_OBJC_ARC = YES;
				CLANG_WARN_BOOL_CONVERSION = YES;
				CLANG_WARN_CONSTANT_CONVERSION = YES;
				CLANG_WARN_DIRECT_OBJC_ISA_USAGE = YES_ERROR;
				CLANG_WARN_DOCUMENTATION_COMMENTS = YES;
				CLANG_WARN_EMPTY_BODY = YES;
				CLANG_WARN_ENUM_CONVERSION = YES;
				CLANG_WARN_INFINITE_RECURSION = YES;
				CLANG_WARN_INT_CONVERSION = YES;
				CLANG_WARN_OBJC_ROOT_CLASS = YES_ERROR;
				CLANG_WARN_SUSPICIOUS_MOVE = YES;
				CLANG_WARN_UNREACHABLE_CODE = YES;
				CLANG_WARN__DUPLICATE_METHOD_MATCH = YES;
				"CODE_SIGN_IDENTITY[sdk=iphoneos*]" = "iPhone Developer";
				COPY_PHASE_STRIP = NO;
				DEBUG_INFORMATION_FORMAT = "dwarf-with-dsym";
				ENABLE_NS_ASSERTIONS = NO;
				ENABLE_STRICT_OBJC_MSGSEND = YES;
				GCC_C_LANGUAGE_STANDARD = gnu99;
				GCC_NO_COMMON_BLOCKS = YES;
				GCC_WARN_64_TO_32_BIT_CONVERSION = YES;
				GCC_WARN_ABOUT_RETURN_TYPE = YES_ERROR;
				GCC_WARN_UNDECLARED_SELECTOR = YES;
				GCC_WARN_UNINITIALIZED_AUTOS = YES_AGGRESSIVE;
				GCC_WARN_UNUSED_FUNCTION = YES;
				GCC_WARN_UNUSED_VARIABLE = YES;
				IPHONEOS_DEPLOYMENT_TARGET = 10.3;
				MTL_ENABLE_DEBUG_INFO = NO;
				SDKROOT = iphoneos;
				VALIDATE_PRODUCT = YES;
			};
			name = Release;
		};
		AADD46B21EA8A59E00DA10F0 /* Debug */ = {
			isa = XCBuildConfiguration;
			buildSettings = {
				ASSETCATALOG_COMPILER_APPICON_NAME = AppIcon;
				DEVELOPMENT_TEAM = 4L85SBL3VW;
				INFOPLIST_FILE = YHCategoryDemo/Info.plist;
				LD_RUNPATH_SEARCH_PATHS = "$(inherited) @executable_path/Frameworks";
				PRODUCT_BUNDLE_IDENTIFIER = com.Theshy.c.YHCategoryDemo;
				PRODUCT_NAME = "$(TARGET_NAME)";
			};
			name = Debug;
		};
		AADD46B31EA8A59E00DA10F0 /* Release */ = {
			isa = XCBuildConfiguration;
			buildSettings = {
				ASSETCATALOG_COMPILER_APPICON_NAME = AppIcon;
				DEVELOPMENT_TEAM = 4L85SBL3VW;
				INFOPLIST_FILE = YHCategoryDemo/Info.plist;
				LD_RUNPATH_SEARCH_PATHS = "$(inherited) @executable_path/Frameworks";
				PRODUCT_BUNDLE_IDENTIFIER = com.Theshy.c.YHCategoryDemo;
				PRODUCT_NAME = "$(TARGET_NAME)";
			};
			name = Release;
		};
/* End XCBuildConfiguration section */

/* Begin XCConfigurationList section */
		AADD46951EA8A59D00DA10F0 /* Build configuration list for PBXProject "YHCategoryDemo" */ = {
			isa = XCConfigurationList;
			buildConfigurations = (
				AADD46AF1EA8A59E00DA10F0 /* Debug */,
				AADD46B01EA8A59E00DA10F0 /* Release */,
			);
			defaultConfigurationIsVisible = 0;
			defaultConfigurationName = Release;
		};
		AADD46B11EA8A59E00DA10F0 /* Build configuration list for PBXNativeTarget "YHCategoryDemo" */ = {
			isa = XCConfigurationList;
			buildConfigurations = (
				AADD46B21EA8A59E00DA10F0 /* Debug */,
				AADD46B31EA8A59E00DA10F0 /* Release */,
			);
			defaultConfigurationIsVisible = 0;
			defaultConfigurationName = Release;
		};
/* End XCConfigurationList section */
	};
	rootObject = AADD46921EA8A59D00DA10F0 /* Project object */;
}
