// !$*UTF8*$!
{
	archiveVersion = 1;
	classes = {
	};
	objectVersion = 46;
	objects = {

/* Begin PBXBuildFile section */
		84CBAD9D1EA859B10023086A /* YHRootViewController.m in Sources */ = {isa = PBXBuildFile; fileRef = 84CBAD9C1EA859B10023086A /* YHRootViewController.m */; };
		84E0B19A1DD9AA3600F7F782 /* main.m in Sources */ = {isa = PBXBuildFile; fileRef = 84E0B1991DD9AA3600F7F782 /* main.m */; };
		84E0B19D1DD9AA3600F7F782 /* AppDelegate.m in Sources */ = {isa = PBXBuildFile; fileRef = 84E0B19C1DD9AA3600F7F782 /* AppDelegate.m */; };
		84E0B1A31DD9AA3600F7F782 /* Main.storyboard in Resources */ = {isa = PBXBuildFile; fileRef = 84E0B1A11DD9AA3600F7F782 /* Main.storyboard */; };
		84E0B1A51DD9AA3600F7F782 /* Assets.xcassets in Resources */ = {isa = PBXBuildFile; fileRef = 84E0B1A41DD9AA3600F7F782 /* Assets.xcassets */; };
		84E0B1A81DD9AA3600F7F782 /* LaunchScreen.storyboard in Resources */ = {isa = PBXBuildFile; fileRef = 84E0B1A61DD9AA3600F7F782 /* LaunchScreen.storyboard */; };
		AA5B40641EA8A3200058FDCD /* NSArray+GYH.m in Sources */ = {isa = PBXBuildFile; fileRef = AA5B40401EA8A3200058FDCD /* NSArray+GYH.m */; };
		AA5B40651EA8A3200058FDCD /* NSDate+GYH.m in Sources */ = {isa = PBXBuildFile; fileRef = AA5B40421EA8A3200058FDCD /* NSDate+GYH.m */; };
		AA5B40661EA8A3200058FDCD /* NSDictionary+GYH.m in Sources */ = {isa = PBXBuildFile; fileRef = AA5B40441EA8A3200058FDCD /* NSDictionary+GYH.m */; };
		AA5B40671EA8A3200058FDCD /* NSMutableArray+GYH.m in Sources */ = {isa = PBXBuildFile; fileRef = AA5B40461EA8A3200058FDCD /* NSMutableArray+GYH.m */; };
		AA5B40681EA8A3200058FDCD /* NSMutableDictionary+GYH.m in Sources */ = {isa = PBXBuildFile; fileRef = AA5B40481EA8A3200058FDCD /* NSMutableDictionary+GYH.m */; };
		AA5B40691EA8A3200058FDCD /* NSNumber+GYH.m in Sources */ = {isa = PBXBuildFile; fileRef = AA5B404A1EA8A3200058FDCD /* NSNumber+GYH.m */; };
		AA5B406A1EA8A3200058FDCD /* NSObject+GYH.m in Sources */ = {isa = PBXBuildFile; fileRef = AA5B404C1EA8A3200058FDCD /* NSObject+GYH.m */; };
		AA5B406B1EA8A3200058FDCD /* NSString+GYH.m in Sources */ = {isa = PBXBuildFile; fileRef = AA5B404E1EA8A3200058FDCD /* NSString+GYH.m */; };
		AA5B406C1EA8A3200058FDCD /* UIBarButtonItem+GYH.m in Sources */ = {isa = PBXBuildFile; fileRef = AA5B40501EA8A3200058FDCD /* UIBarButtonItem+GYH.m */; };
		AA5B406D1EA8A3200058FDCD /* UIColor+GYH.m in Sources */ = {isa = PBXBuildFile; fileRef = AA5B40521EA8A3200058FDCD /* UIColor+GYH.m */; };
		AA5B406E1EA8A3200058FDCD /* UIImage+GYH.m in Sources */ = {isa = PBXBuildFile; fileRef = AA5B40541EA8A3200058FDCD /* UIImage+GYH.m */; };
		AA5B406F1EA8A3200058FDCD /* UIImageView+GYH.m in Sources */ = {isa = PBXBuildFile; fileRef = AA5B40561EA8A3200058FDCD /* UIImageView+GYH.m */; };
		AA5B40701EA8A3200058FDCD /* UIView+GYH.m in Sources */ = {isa = PBXBuildFile; fileRef = AA5B40581EA8A3200058FDCD /* UIView+GYH.m */; };
		AA5B40711EA8A3200058FDCD /* UIViewController+Animation.m in Sources */ = {isa = PBXBuildFile; fileRef = AA5B405A1EA8A3200058FDCD /* UIViewController+Animation.m */; };
		AA5B40721EA8A3200058FDCD /* YHAppInfo.m in Sources */ = {isa = PBXBuildFile; fileRef = AA5B405C1EA8A3200058FDCD /* YHAppInfo.m */; };
		AA5B40731EA8A3200058FDCD /* YHDataUtility.m in Sources */ = {isa = PBXBuildFile; fileRef = AA5B405F1EA8A3200058FDCD /* YHDataUtility.m */; };
		AA5B40741EA8A3200058FDCD /* YHShowImageBrowser.m in Sources */ = {isa = PBXBuildFile; fileRef = AA5B40611EA8A3200058FDCD /* YHShowImageBrowser.m */; };
		AA5B40751EA8A3200058FDCD /* YHTextView.m in Sources */ = {isa = PBXBuildFile; fileRef = AA5B40631EA8A3200058FDCD /* YHTextView.m */; };
/* End PBXBuildFile section */

/* Begin PBXFileReference section */
		844C3C511DDAC496008789B6 /* define.h */ = {isa = PBXFileReference; lastKnownFileType = sourcecode.c.h; path = define.h; sourceTree = "<group>"; };
		84CBAD9B1EA859B10023086A /* YHRootViewController.h */ = {isa = PBXFileReference; fileEncoding = 4; lastKnownFileType = sourcecode.c.h; path = YHRootViewController.h; sourceTree = "<group>"; };
		84CBAD9C1EA859B10023086A /* YHRootViewController.m */ = {isa = PBXFileReference; fileEncoding = 4; lastKnownFileType = sourcecode.c.objc; path = YHRootViewController.m; sourceTree = "<group>"; };
		84E0B1951DD9AA3600F7F782 /* YHCategory.app */ = {isa = PBXFileReference; explicitFileType = wrapper.application; includeInIndex = 0; path = YHCategory.app; sourceTree = BUILT_PRODUCTS_DIR; };
		84E0B1991DD9AA3600F7F782 /* main.m */ = {isa = PBXFileReference; lastKnownFileType = sourcecode.c.objc; path = main.m; sourceTree = "<group>"; };
		84E0B19B1DD9AA3600F7F782 /* AppDelegate.h */ = {isa = PBXFileReference; lastKnownFileType = sourcecode.c.h; path = AppDelegate.h; sourceTree = "<group>"; };
		84E0B19C1DD9AA3600F7F782 /* AppDelegate.m */ = {isa = PBXFileReference; lastKnownFileType = sourcecode.c.objc; path = AppDelegate.m; sourceTree = "<group>"; };
		84E0B1A21DD9AA3600F7F782 /* Base */ = {isa = PBXFileReference; lastKnownFileType = file.storyboard; name = Base; path = Base.lproj/Main.storyboard; sourceTree = "<group>"; };
		84E0B1A41DD9AA3600F7F782 /* Assets.xcassets */ = {isa = PBXFileReference; lastKnownFileType = folder.assetcatalog; path = Assets.xcassets; sourceTree = "<group>"; };
		84E0B1A71DD9AA3600F7F782 /* Base */ = {isa = PBXFileReference; lastKnownFileType = file.storyboard; name = Base; path = Base.lproj/LaunchScreen.storyboard; sourceTree = "<group>"; };
		84E0B1A91DD9AA3600F7F782 /* Info.plist */ = {isa = PBXFileReference; lastKnownFileType = text.plist.xml; path = Info.plist; sourceTree = "<group>"; };
		AA5B403F1EA8A3200058FDCD /* NSArray+GYH.h */ = {isa = PBXFileReference; fileEncoding = 4; lastKnownFileType = sourcecode.c.h; path = "NSArray+GYH.h"; sourceTree = "<group>"; };
		AA5B40401EA8A3200058FDCD /* NSArray+GYH.m */ = {isa = PBXFileReference; fileEncoding = 4; lastKnownFileType = sourcecode.c.objc; path = "NSArray+GYH.m"; sourceTree = "<group>"; };
		AA5B40411EA8A3200058FDCD /* NSDate+GYH.h */ = {isa = PBXFileReference; fileEncoding = 4; lastKnownFileType = sourcecode.c.h; path = "NSDate+GYH.h"; sourceTree = "<group>"; };
		AA5B40421EA8A3200058FDCD /* NSDate+GYH.m */ = {isa = PBXFileReference; fileEncoding = 4; lastKnownFileType = sourcecode.c.objc; path = "NSDate+GYH.m"; sourceTree = "<group>"; };
		AA5B40431EA8A3200058FDCD /* NSDictionary+GYH.h */ = {isa = PBXFileReference; fileEncoding = 4; lastKnownFileType = sourcecode.c.h; path = "NSDictionary+GYH.h"; sourceTree = "<group>"; };
		AA5B40441EA8A3200058FDCD /* NSDictionary+GYH.m */ = {isa = PBXFileReference; fileEncoding = 4; lastKnownFileType = sourcecode.c.objc; path = "NSDictionary+GYH.m"; sourceTree = "<group>"; };
		AA5B40451EA8A3200058FDCD /* NSMutableArray+GYH.h */ = {isa = PBXFileReference; fileEncoding = 4; lastKnownFileType = sourcecode.c.h; path = "NSMutableArray+GYH.h"; sourceTree = "<group>"; };
		AA5B40461EA8A3200058FDCD /* NSMutableArray+GYH.m */ = {isa = PBXFileReference; fileEncoding = 4; lastKnownFileType = sourcecode.c.objc; path = "NSMutableArray+GYH.m"; sourceTree = "<group>"; };
		AA5B40471EA8A3200058FDCD /* NSMutableDictionary+GYH.h */ = {isa = PBXFileReference; fileEncoding = 4; lastKnownFileType = sourcecode.c.h; path = "NSMutableDictionary+GYH.h"; sourceTree = "<group>"; };
		AA5B40481EA8A3200058FDCD /* NSMutableDictionary+GYH.m */ = {isa = PBXFileReference; fileEncoding = 4; lastKnownFileType = sourcecode.c.objc; path = "NSMutableDictionary+GYH.m"; sourceTree = "<group>"; };
		AA5B40491EA8A3200058FDCD /* NSNumber+GYH.h */ = {isa = PBXFileReference; fileEncoding = 4; lastKnownFileType = sourcecode.c.h; path = "NSNumber+GYH.h"; sourceTree = "<group>"; };
		AA5B404A1EA8A3200058FDCD /* NSNumber+GYH.m */ = {isa = PBXFileReference; fileEncoding = 4; lastKnownFileType = sourcecode.c.objc; path = "NSNumber+GYH.m"; sourceTree = "<group>"; };
		AA5B404B1EA8A3200058FDCD /* NSObject+GYH.h */ = {isa = PBXFileReference; fileEncoding = 4; lastKnownFileType = sourcecode.c.h; path = "NSObject+GYH.h"; sourceTree = "<group>"; };
		AA5B404C1EA8A3200058FDCD /* NSObject+GYH.m */ = {isa = PBXFileReference; fileEncoding = 4; lastKnownFileType = sourcecode.c.objc; path = "NSObject+GYH.m"; sourceTree = "<group>"; };
		AA5B404D1EA8A3200058FDCD /* NSString+GYH.h */ = {isa = PBXFileReference; fileEncoding = 4; lastKnownFileType = sourcecode.c.h; path = "NSString+GYH.h"; sourceTree = "<group>"; };
		AA5B404E1EA8A3200058FDCD /* NSString+GYH.m */ = {isa = PBXFileReference; fileEncoding = 4; lastKnownFileType = sourcecode.c.objc; path = "NSString+GYH.m"; sourceTree = "<group>"; };
		AA5B404F1EA8A3200058FDCD /* UIBarButtonItem+GYH.h */ = {isa = PBXFileReference; fileEncoding = 4; lastKnownFileType = sourcecode.c.h; path = "UIBarButtonItem+GYH.h"; sourceTree = "<group>"; };
		AA5B40501EA8A3200058FDCD /* UIBarButtonItem+GYH.m */ = {isa = PBXFileReference; fileEncoding = 4; lastKnownFileType = sourcecode.c.objc; path = "UIBarButtonItem+GYH.m"; sourceTree = "<group>"; };
		AA5B40511EA8A3200058FDCD /* UIColor+GYH.h */ = {isa = PBXFileReference; fileEncoding = 4; lastKnownFileType = sourcecode.c.h; path = "UIColor+GYH.h"; sourceTree = "<group>"; };
		AA5B40521EA8A3200058FDCD /* UIColor+GYH.m */ = {isa = PBXFileReference; fileEncoding = 4; lastKnownFileType = sourcecode.c.objc; path = "UIColor+GYH.m"; sourceTree = "<group>"; };
		AA5B40531EA8A3200058FDCD /* UIImage+GYH.h */ = {isa = PBXFileReference; fileEncoding = 4; lastKnownFileType = sourcecode.c.h; path = "UIImage+GYH.h"; sourceTree = "<group>"; };
		AA5B40541EA8A3200058FDCD /* UIImage+GYH.m */ = {isa = PBXFileReference; fileEncoding = 4; lastKnownFileType = sourcecode.c.objc; path = "UIImage+GYH.m"; sourceTree = "<group>"; };
		AA5B40551EA8A3200058FDCD /* UIImageView+GYH.h */ = {isa = PBXFileReference; fileEncoding = 4; lastKnownFileType = sourcecode.c.h; path = "UIImageView+GYH.h"; sourceTree = "<group>"; };
		AA5B40561EA8A3200058FDCD /* UIImageView+GYH.m */ = {isa = PBXFileReference; fileEncoding = 4; lastKnownFileType = sourcecode.c.objc; path = "UIImageView+GYH.m"; sourceTree = "<group>"; };
		AA5B40571EA8A3200058FDCD /* UIView+GYH.h */ = {isa = PBXFileReference; fileEncoding = 4; lastKnownFileType = sourcecode.c.h; path = "UIView+GYH.h"; sourceTree = "<group>"; };
		AA5B40581EA8A3200058FDCD /* UIView+GYH.m */ = {isa = PBXFileReference; fileEncoding = 4; lastKnownFileType = sourcecode.c.objc; path = "UIView+GYH.m"; sourceTree = "<group>"; };
		AA5B40591EA8A3200058FDCD /* UIViewController+Animation.h */ = {isa = PBXFileReference; fileEncoding = 4; lastKnownFileType = sourcecode.c.h; path = "UIViewController+Animation.h"; sourceTree = "<group>"; };
		AA5B405A1EA8A3200058FDCD /* UIViewController+Animation.m */ = {isa = PBXFileReference; fileEncoding = 4; lastKnownFileType = sourcecode.c.objc; path = "UIViewController+Animation.m"; sourceTree = "<group>"; };
		AA5B405B1EA8A3200058FDCD /* YHAppInfo.h */ = {isa = PBXFileReference; fileEncoding = 4; lastKnownFileType = sourcecode.c.h; path = YHAppInfo.h; sourceTree = "<group>"; };
		AA5B405C1EA8A3200058FDCD /* YHAppInfo.m */ = {isa = PBXFileReference; fileEncoding = 4; lastKnownFileType = sourcecode.c.objc; path = YHAppInfo.m; sourceTree = "<group>"; };
		AA5B405D1EA8A3200058FDCD /* YHCategory.h */ = {isa = PBXFileReference; fileEncoding = 4; lastKnownFileType = sourcecode.c.h; path = YHCategory.h; sourceTree = "<group>"; };
		AA5B405E1EA8A3200058FDCD /* YHDataUtility.h */ = {isa = PBXFileReference; fileEncoding = 4; lastKnownFileType = sourcecode.c.h; path = YHDataUtility.h; sourceTree = "<group>"; };
		AA5B405F1EA8A3200058FDCD /* YHDataUtility.m */ = {isa = PBXFileReference; fileEncoding = 4; lastKnownFileType = sourcecode.c.objc; path = YHDataUtility.m; sourceTree = "<group>"; };
		AA5B40601EA8A3200058FDCD /* YHShowImageBrowser.h */ = {isa = PBXFileReference; fileEncoding = 4; lastKnownFileType = sourcecode.c.h; path = YHShowImageBrowser.h; sourceTree = "<group>"; };
		AA5B40611EA8A3200058FDCD /* YHShowImageBrowser.m */ = {isa = PBXFileReference; fileEncoding = 4; lastKnownFileType = sourcecode.c.objc; path = YHShowImageBrowser.m; sourceTree = "<group>"; };
		AA5B40621EA8A3200058FDCD /* YHTextView.h */ = {isa = PBXFileReference; fileEncoding = 4; lastKnownFileType = sourcecode.c.h; path = YHTextView.h; sourceTree = "<group>"; };
		AA5B40631EA8A3200058FDCD /* YHTextView.m */ = {isa = PBXFileReference; fileEncoding = 4; lastKnownFileType = sourcecode.c.objc; path = YHTextView.m; sourceTree = "<group>"; };
/* End PBXFileReference section */

/* Begin PBXFrameworksBuildPhase section */
		84E0B1921DD9AA3600F7F782 /* Frameworks */ = {
			isa = PBXFrameworksBuildPhase;
			buildActionMask = 2147483647;
			files = (
			);
			runOnlyForDeploymentPostprocessing = 0;
		};
/* End PBXFrameworksBuildPhase section */

/* Begin PBXGroup section */
		84E0B18C1DD9AA3600F7F782 = {
			isa = PBXGroup;
			children = (
				84E0B1971DD9AA3600F7F782 /* YHCategory */,
				84E0B1961DD9AA3600F7F782 /* Products */,
			);
			sourceTree = "<group>";
		};
		84E0B1961DD9AA3600F7F782 /* Products */ = {
			isa = PBXGroup;
			children = (
				84E0B1951DD9AA3600F7F782 /* YHCategory.app */,
			);
			name = Products;
			sourceTree = "<group>";
		};
		84E0B1971DD9AA3600F7F782 /* YHCategory */ = {
			isa = PBXGroup;
			children = (
				AA5B403E1EA8A3200058FDCD /* YHCategory */,
				84E0B19B1DD9AA3600F7F782 /* AppDelegate.h */,
				84E0B19C1DD9AA3600F7F782 /* AppDelegate.m */,
				84CBAD9B1EA859B10023086A /* YHRootViewController.h */,
				84CBAD9C1EA859B10023086A /* YHRootViewController.m */,
				844C3C511DDAC496008789B6 /* define.h */,
				84E0B1A11DD9AA3600F7F782 /* Main.storyboard */,
				84E0B1A41DD9AA3600F7F782 /* Assets.xcassets */,
				84E0B1A61DD9AA3600F7F782 /* LaunchScreen.storyboard */,
				84E0B1A91DD9AA3600F7F782 /* Info.plist */,
				84E0B1981DD9AA3600F7F782 /* Supporting Files */,
			);
			path = YHCategory;
			sourceTree = "<group>";
		};
		84E0B1981DD9AA3600F7F782 /* Supporting Files */ = {
			isa = PBXGroup;
			children = (
				84E0B1991DD9AA3600F7F782 /* main.m */,
			);
			name = "Supporting Files";
			sourceTree = "<group>";
		};
		AA5B403E1EA8A3200058FDCD /* YHCategory */ = {
			isa = PBXGroup;
			children = (
				AA5B403F1EA8A3200058FDCD /* NSArray+GYH.h */,
				AA5B40401EA8A3200058FDCD /* NSArray+GYH.m */,
				AA5B40411EA8A3200058FDCD /* NSDate+GYH.h */,
				AA5B40421EA8A3200058FDCD /* NSDate+GYH.m */,
				AA5B40431EA8A3200058FDCD /* NSDictionary+GYH.h */,
				AA5B40441EA8A3200058FDCD /* NSDictionary+GYH.m */,
				AA5B40451EA8A3200058FDCD /* NSMutableArray+GYH.h */,
				AA5B40461EA8A3200058FDCD /* NSMutableArray+GYH.m */,
				AA5B40471EA8A3200058FDCD /* NSMutableDictionary+GYH.h */,
				AA5B40481EA8A3200058FDCD /* NSMutableDictionary+GYH.m */,
				AA5B40491EA8A3200058FDCD /* NSNumber+GYH.h */,
				AA5B404A1EA8A3200058FDCD /* NSNumber+GYH.m */,
				AA5B404B1EA8A3200058FDCD /* NSObject+GYH.h */,
				AA5B404C1EA8A3200058FDCD /* NSObject+GYH.m */,
				AA5B404D1EA8A3200058FDCD /* NSString+GYH.h */,
				AA5B404E1EA8A3200058FDCD /* NSString+GYH.m */,
				AA5B404F1EA8A3200058FDCD /* UIBarButtonItem+GYH.h */,
				AA5B40501EA8A3200058FDCD /* UIBarButtonItem+GYH.m */,
				AA5B40511EA8A3200058FDCD /* UIColor+GYH.h */,
				AA5B40521EA8A3200058FDCD /* UIColor+GYH.m */,
				AA5B40531EA8A3200058FDCD /* UIImage+GYH.h */,
				AA5B40541EA8A3200058FDCD /* UIImage+GYH.m */,
				AA5B40551EA8A3200058FDCD /* UIImageView+GYH.h */,
				AA5B40561EA8A3200058FDCD /* UIImageView+GYH.m */,
				AA5B40571EA8A3200058FDCD /* UIView+GYH.h */,
				AA5B40581EA8A3200058FDCD /* UIView+GYH.m */,
				AA5B40591EA8A3200058FDCD /* UIViewController+Animation.h */,
				AA5B405A1EA8A3200058FDCD /* UIViewController+Animation.m */,
				AA5B405B1EA8A3200058FDCD /* YHAppInfo.h */,
				AA5B405C1EA8A3200058FDCD /* YHAppInfo.m */,
				AA5B405D1EA8A3200058FDCD /* YHCategory.h */,
				AA5B405E1EA8A3200058FDCD /* YHDataUtility.h */,
				AA5B405F1EA8A3200058FDCD /* YHDataUtility.m */,
				AA5B40601EA8A3200058FDCD /* YHShowImageBrowser.h */,
				AA5B40611EA8A3200058FDCD /* YHShowImageBrowser.m */,
				AA5B40621EA8A3200058FDCD /* YHTextView.h */,
				AA5B40631EA8A3200058FDCD /* YHTextView.m */,
			);
			path = YHCategory;
			sourceTree = "<group>";
		};
/* End PBXGroup section */

/* Begin PBXNativeTarget section */
		84E0B1941DD9AA3600F7F782 /* YHCategory */ = {
			isa = PBXNativeTarget;
			buildConfigurationList = 84E0B1AC1DD9AA3600F7F782 /* Build configuration list for PBXNativeTarget "YHCategory" */;
			buildPhases = (
				84E0B1911DD9AA3600F7F782 /* Sources */,
				84E0B1921DD9AA3600F7F782 /* Frameworks */,
				84E0B1931DD9AA3600F7F782 /* Resources */,
			);
			buildRules = (
			);
			dependencies = (
			);
			name = YHCategory;
			productName = YHCategory;
			productReference = 84E0B1951DD9AA3600F7F782 /* YHCategory.app */;
			productType = "com.apple.product-type.application";
		};
/* End PBXNativeTarget section */

/* Begin PBXProject section */
		84E0B18D1DD9AA3600F7F782 /* Project object */ = {
			isa = PBXProject;
			attributes = {
				LastUpgradeCheck = 0810;
				ORGANIZATIONNAME = Theshy;
				TargetAttributes = {
					84E0B1941DD9AA3600F7F782 = {
						CreatedOnToolsVersion = 8.1;
						ProvisioningStyle = Automatic;
					};
				};
			};
			buildConfigurationList = 84E0B1901DD9AA3600F7F782 /* Build configuration list for PBXProject "YHCategory" */;
			compatibilityVersion = "Xcode 3.2";
			developmentRegion = English;
			hasScannedForEncodings = 0;
			knownRegions = (
				en,
				Base,
			);
			mainGroup = 84E0B18C1DD9AA3600F7F782;
			productRefGroup = 84E0B1961DD9AA3600F7F782 /* Products */;
			projectDirPath = "";
			projectRoot = "";
			targets = (
				84E0B1941DD9AA3600F7F782 /* YHCategory */,
			);
		};
/* End PBXProject section */

/* Begin PBXResourcesBuildPhase section */
		84E0B1931DD9AA3600F7F782 /* Resources */ = {
			isa = PBXResourcesBuildPhase;
			buildActionMask = 2147483647;
			files = (
				84E0B1A81DD9AA3600F7F782 /* LaunchScreen.storyboard in Resources */,
				84E0B1A51DD9AA3600F7F782 /* Assets.xcassets in Resources */,
				84E0B1A31DD9AA3600F7F782 /* Main.storyboard in Resources */,
			);
			runOnlyForDeploymentPostprocessing = 0;
		};
/* End PBXResourcesBuildPhase section */

/* Begin PBXSourcesBuildPhase section */
		84E0B1911DD9AA3600F7F782 /* Sources */ = {
			isa = PBXSourcesBuildPhase;
			buildActionMask = 2147483647;
			files = (
				AA5B40711EA8A3200058FDCD /* UIViewController+Animation.m in Sources */,
				AA5B40681EA8A3200058FDCD /* NSMutableDictionary+GYH.m in Sources */,
				AA5B40721EA8A3200058FDCD /* YHAppInfo.m in Sources */,
				AA5B406F1EA8A3200058FDCD /* UIImageView+GYH.m in Sources */,
				AA5B406C1EA8A3200058FDCD /* UIBarButtonItem+GYH.m in Sources */,
				AA5B40751EA8A3200058FDCD /* YHTextView.m in Sources */,
				AA5B40701EA8A3200058FDCD /* UIView+GYH.m in Sources */,
				AA5B406E1EA8A3200058FDCD /* UIImage+GYH.m in Sources */,
				84CBAD9D1EA859B10023086A /* YHRootViewController.m in Sources */,
				AA5B406A1EA8A3200058FDCD /* NSObject+GYH.m in Sources */,
				AA5B406D1EA8A3200058FDCD /* UIColor+GYH.m in Sources */,
				84E0B19D1DD9AA3600F7F782 /* AppDelegate.m in Sources */,
				AA5B40671EA8A3200058FDCD /* NSMutableArray+GYH.m in Sources */,
				AA5B40741EA8A3200058FDCD /* YHShowImageBrowser.m in Sources */,
				AA5B40731EA8A3200058FDCD /* YHDataUtility.m in Sources */,
				AA5B406B1EA8A3200058FDCD /* NSString+GYH.m in Sources */,
				AA5B40651EA8A3200058FDCD /* NSDate+GYH.m in Sources */,
				AA5B40661EA8A3200058FDCD /* NSDictionary+GYH.m in Sources */,
				84E0B19A1DD9AA3600F7F782 /* main.m in Sources */,
				AA5B40641EA8A3200058FDCD /* NSArray+GYH.m in Sources */,
				AA5B40691EA8A3200058FDCD /* NSNumber+GYH.m in Sources */,
			);
			runOnlyForDeploymentPostprocessing = 0;
		};
/* End PBXSourcesBuildPhase section */

/* Begin PBXVariantGroup section */
		84E0B1A11DD9AA3600F7F782 /* Main.storyboard */ = {
			isa = PBXVariantGroup;
			children = (
				84E0B1A21DD9AA3600F7F782 /* Base */,
			);
			name = Main.storyboard;
			sourceTree = "<group>";
		};
		84E0B1A61DD9AA3600F7F782 /* LaunchScreen.storyboard */ = {
			isa = PBXVariantGroup;
			children = (
				84E0B1A71DD9AA3600F7F782 /* Base */,
			);
			name = LaunchScreen.storyboard;
			sourceTree = "<group>";
		};
/* End PBXVariantGroup section */

/* Begin XCBuildConfiguration section */
		84E0B1AA1DD9AA3600F7F782 /* Debug */ = {
			isa = XCBuildConfiguration;
			buildSettings = {
				ALWAYS_SEARCH_USER_PATHS = NO;
				CLANG_ANALYZER_NONNULL = YES;
				CLANG_CXX_LANGUAGE_STANDARD = "gnu++0x";
				CLANG_CXX_LIBRARY = "libc++";
				CLANG_ENABLE_MODULES = YES;
				CLANG_ENABLE_OBJC_ARC = YES;
				CLANG_WARN_BOOL_CONVERSION = YES;
				CLANG_WARN_CONSTANT_CONVERSION = YES;
				CLANG_WARN_DIRECT_OBJC_ISA_USAGE = YES_ERROR;
				CLANG_WARN_DOCUMENTATION_COMMENTS = YES;
				CLANG_WARN_EMPTY_BODY = YES;
				CLANG_WARN_ENUM_CONVERSION = YES;
				CLANG_WARN_INFINITE_RECURSION = YES;
				CLANG_WARN_INT_CONVERSION = YES;
				CLANG_WARN_OBJC_ROOT_CLASS = YES_ERROR;
				CLANG_WARN_SUSPICIOUS_MOVES = YES;
				CLANG_WARN_UNREACHABLE_CODE = YES;
				CLANG_WARN__DUPLICATE_METHOD_MATCH = YES;
				"CODE_SIGN_IDENTITY[sdk=iphoneos*]" = "iPhone Developer";
				COPY_PHASE_STRIP = NO;
				DEBUG_INFORMATION_FORMAT = dwarf;
				ENABLE_STRICT_OBJC_MSGSEND = YES;
				ENABLE_TESTABILITY = YES;
				GCC_C_LANGUAGE_STANDARD = gnu99;
				GCC_DYNAMIC_NO_PIC = NO;
				GCC_NO_COMMON_BLOCKS = YES;
				GCC_OPTIMIZATION_LEVEL = 0;
				GCC_PREPROCESSOR_DEFINITIONS = (
					"DEBUG=1",
					"$(inherited)",
				);
				GCC_WARN_64_TO_32_BIT_CONVERSION = YES;
				GCC_WARN_ABOUT_RETURN_TYPE = YES_ERROR;
				GCC_WARN_UNDECLARED_SELECTOR = YES;
				GCC_WARN_UNINITIALIZED_AUTOS = YES_AGGRESSIVE;
				GCC_WARN_UNUSED_FUNCTION = YES;
				GCC_WARN_UNUSED_VARIABLE = YES;
				IPHONEOS_DEPLOYMENT_TARGET = 10.1;
				MTL_ENABLE_DEBUG_INFO = YES;
				ONLY_ACTIVE_ARCH = YES;
				SDKROOT = iphoneos;
			};
			name = Debug;
		};
		84E0B1AB1DD9AA3600F7F782 /* Release */ = {
			isa = XCBuildConfiguration;
			buildSettings = {
				ALWAYS_SEARCH_USER_PATHS = NO;
				CLANG_ANALYZER_NONNULL = YES;
				CLANG_CXX_LANGUAGE_STANDARD = "gnu++0x";
				CLANG_CXX_LIBRARY = "libc++";
				CLANG_ENABLE_MODULES = YES;
				CLANG_ENABLE_OBJC_ARC = YES;
				CLANG_WARN_BOOL_CONVERSION = YES;
				CLANG_WARN_CONSTANT_CONVERSION = YES;
				CLANG_WARN_DIRECT_OBJC_ISA_USAGE = YES_ERROR;
				CLANG_WARN_DOCUMENTATION_COMMENTS = YES;
				CLANG_WARN_EMPTY_BODY = YES;
				CLANG_WARN_ENUM_CONVERSION = YES;
				CLANG_WARN_INFINITE_RECURSION = YES;
				CLANG_WARN_INT_CONVERSION = YES;
				CLANG_WARN_OBJC_ROOT_CLASS = YES_ERROR;
				CLANG_WARN_SUSPICIOUS_MOVES = YES;
				CLANG_WARN_UNREACHABLE_CODE = YES;
				CLANG_WARN__DUPLICATE_METHOD_MATCH = YES;
				"CODE_SIGN_IDENTITY[sdk=iphoneos*]" = "iPhone Developer";
				COPY_PHASE_STRIP = NO;
				DEBUG_INFORMATION_FORMAT = "dwarf-with-dsym";
				ENABLE_NS_ASSERTIONS = NO;
				ENABLE_STRICT_OBJC_MSGSEND = YES;
				GCC_C_LANGUAGE_STANDARD = gnu99;
				GCC_NO_COMMON_BLOCKS = YES;
				GCC_WARN_64_TO_32_BIT_CONVERSION = YES;
				GCC_WARN_ABOUT_RETURN_TYPE = YES_ERROR;
				GCC_WARN_UNDECLARED_SELECTOR = YES;
				GCC_WARN_UNINITIALIZED_AUTOS = YES_AGGRESSIVE;
				GCC_WARN_UNUSED_FUNCTION = YES;
				GCC_WARN_UNUSED_VARIABLE = YES;
				IPHONEOS_DEPLOYMENT_TARGET = 10.1;
				MTL_ENABLE_DEBUG_INFO = NO;
				SDKROOT = iphoneos;
				VALIDATE_PRODUCT = YES;
			};
			name = Release;
		};
		84E0B1AD1DD9AA3600F7F782 /* Debug */ = {
			isa = XCBuildConfiguration;
			buildSettings = {
				ASSETCATALOG_COMPILER_APPICON_NAME = AppIcon;
				INFOPLIST_FILE = YHCategory/Info.plist;
				LD_RUNPATH_SEARCH_PATHS = "$(inherited) @executable_path/Frameworks";
				PRODUCT_BUNDLE_IDENTIFIER = com.Theshy.c.YHCategory;
				PRODUCT_NAME = "$(TARGET_NAME)";
			};
			name = Debug;
		};
		84E0B1AE1DD9AA3600F7F782 /* Release */ = {
			isa = XCBuildConfiguration;
			buildSettings = {
				ASSETCATALOG_COMPILER_APPICON_NAME = AppIcon;
				INFOPLIST_FILE = YHCategory/Info.plist;
				LD_RUNPATH_SEARCH_PATHS = "$(inherited) @executable_path/Frameworks";
				PRODUCT_BUNDLE_IDENTIFIER = com.Theshy.c.YHCategory;
				PRODUCT_NAME = "$(TARGET_NAME)";
			};
			name = Release;
		};
/* End XCBuildConfiguration section */

/* Begin XCConfigurationList section */
		84E0B1901DD9AA3600F7F782 /* Build configuration list for PBXProject "YHCategory" */ = {
			isa = XCConfigurationList;
			buildConfigurations = (
				84E0B1AA1DD9AA3600F7F782 /* Debug */,
				84E0B1AB1DD9AA3600F7F782 /* Release */,
			);
			defaultConfigurationIsVisible = 0;
			defaultConfigurationName = Release;
		};
		84E0B1AC1DD9AA3600F7F782 /* Build configuration list for PBXNativeTarget "YHCategory" */ = {
			isa = XCConfigurationList;
			buildConfigurations = (
				84E0B1AD1DD9AA3600F7F782 /* Debug */,
				84E0B1AE1DD9AA3600F7F782 /* Release */,
			);
			defaultConfigurationIsVisible = 0;
			defaultConfigurationName = Release;
		};
/* End XCConfigurationList section */
	};
	rootObject = 84E0B18D1DD9AA3600F7F782 /* Project object */;
}
